
Microsoft Visual Studio Solution File, Format Version 12.00
Project("{FAE04EC0-301F-11D3-BF4B-00C04F79EFBC}") = "Shop", "Shop\Shop.csproj", "{DE451B9C-9BB7-47AE-942C-9765877E9296}"
EndProject
Global
	GlobalSection(SolutionConfigurationPlatforms) = preSolution
		Debug|Any CPU = Debug|Any CPU
		Release|Any CPU = Release|Any CPU
	EndGlobalSection
	GlobalSection(ProjectConfigurationPlatforms) = postSolution
		{DE451B9C-9BB7-47AE-942C-9765877E9296}.Debug|Any CPU.ActiveCfg = Debug|Any CPU
		{DE451B9C-9BB7-47AE-942C-9765877E9296}.Debug|Any CPU.Build.0 = Debug|Any CPU
		{DE451B9C-9BB7-47AE-942C-9765877E9296}.Release|Any CPU.ActiveCfg = Release|Any CPU
		{DE451B9C-9BB7-47AE-942C-9765877E9296}.Release|Any CPU.Build.0 = Release|Any CPU
	EndGlobalSection
EndGlobal
